
Microsoft Visual Studio Solution File, Format Version 12.00
# Visual Studio Version 16
VisualStudioVersion = 16.0.31105.61
MinimumVisualStudioVersion = 10.0.40219.1
Project("{9A19103F-16F7-4668-BE54-9A1E7A4F7556}") = "Entities", "Entities\Entities.csproj", "{A63714D6-94CB-4AE9-8286-009D7BAF7507}"
EndProject
Project("{9A19103F-16F7-4668-BE54-9A1E7A4F7556}") = "DataAccess", "DataAccess\DataAccess.csproj", "{9215AAFE-F139-49A5-8CE7-5D43ECDA5D36}"
EndProject
Project("{9A19103F-16F7-4668-BE54-9A1E7A4F7556}") = "Business", "Business\Business.csproj", "{B82AF1BD-0EA2-436E-8C41-62DFBFBCDEB8}"
EndProject
Project("{9A19103F-16F7-4668-BE54-9A1E7A4F7556}") = "ConsoleUI", "ConsoleUI\ConsoleUI.csproj", "{9FD26C19-157C-462D-BA37-7F5548B1A7A9}"
EndProject
Project("{FAE04EC0-301F-11D3-BF4B-00C04F79EFBC}") = "Core", "Core\Core.csproj", "{8E154C91-48C4-448A-8FBB-127A6BA4557F}"
EndProject
Global
	GlobalSection(SolutionConfigurationPlatforms) = preSolution
		Debug|Any CPU = Debug|Any CPU
		Release|Any CPU = Release|Any CPU
	EndGlobalSection
	GlobalSection(ProjectConfigurationPlatforms) = postSolution
		{A63714D6-94CB-4AE9-8286-009D7BAF7507}.Debug|Any CPU.ActiveCfg = Debug|Any CPU
		{A63714D6-94CB-4AE9-8286-009D7BAF7507}.Debug|Any CPU.Build.0 = Debug|Any CPU
		{A63714D6-94CB-4AE9-8286-009D7BAF7507}.Release|Any CPU.ActiveCfg = Release|Any CPU
		{A63714D6-94CB-4AE9-8286-009D7BAF7507}.Release|Any CPU.Build.0 = Release|Any CPU
		{9215AAFE-F139-49A5-8CE7-5D43ECDA5D36}.Debug|Any CPU.ActiveCfg = Debug|Any CPU
		{9215AAFE-F139-49A5-8CE7-5D43ECDA5D36}.Debug|Any CPU.Build.0 = Debug|Any CPU
		{9215AAFE-F139-49A5-8CE7-5D43ECDA5D36}.Release|Any CPU.ActiveCfg = Release|Any CPU
		{9215AAFE-F139-49A5-8CE7-5D43ECDA5D36}.Release|Any CPU.Build.0 = Release|Any CPU
		{B82AF1BD-0EA2-436E-8C41-62DFBFBCDEB8}.Debug|Any CPU.ActiveCfg = Debug|Any CPU
		{B82AF1BD-0EA2-436E-8C41-62DFBFBCDEB8}.Debug|Any CPU.Build.0 = Debug|Any CPU
		{B82AF1BD-0EA2-436E-8C41-62DFBFBCDEB8}.Release|Any CPU.ActiveCfg = Release|Any CPU
		{B82AF1BD-0EA2-436E-8C41-62DFBFBCDEB8}.Release|Any CPU.Build.0 = Release|Any CPU
		{9FD26C19-157C-462D-BA37-7F5548B1A7A9}.Debug|Any CPU.ActiveCfg = Debug|Any CPU
		{9FD26C19-157C-462D-BA37-7F5548B1A7A9}.Debug|Any CPU.Build.0 = Debug|Any CPU
		{9FD26C19-157C-462D-BA37-7F5548B1A7A9}.Release|Any CPU.ActiveCfg = Release|Any CPU
		{9FD26C19-157C-462D-BA37-7F5548B1A7A9}.Release|Any CPU.Build.0 = Release|Any CPU
		{8E154C91-48C4-448A-8FBB-127A6BA4557F}.Debug|Any CPU.ActiveCfg = Debug|Any CPU
		{8E154C91-48C4-448A-8FBB-127A6BA4557F}.Debug|Any CPU.Build.0 = Debug|Any CPU
		{8E154C91-48C4-448A-8FBB-127A6BA4557F}.Release|Any CPU.ActiveCfg = Release|Any CPU
		{8E154C91-48C4-448A-8FBB-127A6BA4557F}.Release|Any CPU.Build.0 = Release|Any CPU
	EndGlobalSection
	GlobalSection(SolutionProperties) = preSolution
		HideSolutionNode = FALSE
	EndGlobalSection
	GlobalSection(ExtensibilityGlobals) = postSolution
		SolutionGuid = {8CB25A1B-7D66-46A8-9D16-8378577E529D}
	EndGlobalSection
EndGlobal
